{
  "name": "restaurant-print-agent",
  "version": "1.0.0",
  "lockfileVersion": 3,
  "requires": true,
  "packages": {
    "": {
      "name": "restaurant-print-agent",
      "version": "1.0.0",
      "dependencies": {
        "@maxxuxx/node-printer": "^1.6.10",
        "@supabase/supabase-js": "^2.45.0",
        "dotenv": "^16.4.5"
      }
    },
    "node_modules/@maxxuxx/node-printer": {
      "version": "1.6.10",
      "resolved": "https://registry.npmjs.org/@maxxuxx/node-printer/-/node-printer-1.6.10.tgz",
      "integrity": "sha512-OggRLl2Jz+yGVzfZFO9HVHWWk45ope0von5eqoRlhKRXqyWs61l9EMoH1X7HG5AK0qcK31HzA5YktOmnmc6Czw==",
      "license": "MIT",
      "dependencies": {
        "@serialport/stream": "^13.0.0",
        "iconv-lite": "^0.7.0"
      },
      "engines": {
        "node": ">=20.0.0"
      }
    },
    "node_modules/@serialport/bindings-interface": {
      "version": "1.2.2",
      "resolved": "https://registry.npmjs.org/@serialport/bindings-interface/-/bindings-interface-1.2.2.tgz",
      "integrity": "sha512-CJaUd5bLvtM9c5dmO9rPBHPXTa9R2UwpkJ0wdh9JCYcbrPWsKz+ErvR0hBLeo7NPeiFdjFO4sonRljiw4d2XiA==",
      "license": "MIT",
      "engines": {
        "node": "^12.22 || ^14.13 || >=16"
      }
    },
    "node_modules/@serialport/stream": {
      "version": "13.0.0",
      "resolved": "https://registry.npmjs.org/@serialport/stream/-/stream-13.0.0.tgz",
      "integrity": "sha512-F7xLJKsjGo2WuEWMSEO1SimRcOA+WtWICsY13r0ahx8s2SecPQH06338g28OT7cW7uRXI7oEQAk62qh5gHJW3g==",
      "license": "MIT",
      "dependencies": {
        "@serialport/bindings-interface": "1.2.2",
        "debug": "4.4.0"
      },
      "engines": {
        "node": ">=20.0.0"
      },
      "funding": {
        "url": "https://opencollective.com/serialport/donate"
      }
    },
    "node_modules/@supabase/auth-js": {
      "version": "2.116.0",
      "resolved": "https://registry.npmjs.org/@supabase/auth-js/-/auth-js-2.116.0.tgz",
      "integrity": "sha512-Cmosty12gyKGK9N3bQb+lMmuAFev5nmUzaR1AsmZHqKOAGzqX1VQzmp49CNPwOx/pw0H9Qqk4rs9yhwTlKpfDg==",
      "license": "MIT",
      "dependencies": {
        "tslib": "2.8.1"
      },
      "engines": {
        "node": ">=22.0.0"
      }
    },
    "node_modules/@supabase/functions-js": {
      "version": "2.116.0",
      "resolved": "https://registry.npmjs.org/@supabase/functions-js/-/functions-js-2.116.0.tgz",
      "integrity": "sha512-E+VOc2QDcni/fySqkBFiZhnoB3SGydEdZgFI6/dEAGAHx6yEhB46TN9qb2wXs+E+RSzOBV0R6dasiSlw4xlZAA==",
      "license": "MIT",
      "dependencies": {
        "tslib": "2.8.1"
      },
      "engines": {
        "node": ">=22.0.0"
      }
    },
    "node_modules/@supabase/phoenix": {
      "version": "0.4.5",
      "resolved": "https://registry.npmjs.org/@supabase/phoenix/-/phoenix-0.4.5.tgz",
      "integrity": "sha512-aAn9H9ovVyeApKy11OWOrrOGq8DV68yWeH4ud2lN9fzn4aO8Zb5GLL9m1pUg9nLqIcT+ZDfAcsZe0E/nqdv2lw==",
      "license": "MIT"
    },
    "node_modules/@supabase/postgrest-js": {
      "version": "2.116.0",
      "resolved": "https://registry.npmjs.org/@supabase/postgrest-js/-/postgrest-js-2.116.0.tgz",
      "integrity": "sha512-kGpVZTDHxFTJS3tu+rU0iTAZ+4U0bcLVjxwCk8f3gRhjw3qdCZjTBlgYvc4kGH2XccmAzbkKwXL/mrNHMGSc+A==",
      "license": "MIT",
      "dependencies": {
        "tslib": "2.8.1"
      },
      "engines": {
        "node": ">=22.0.0"
      }
    },
    "node_modules/@supabase/realtime-js": {
      "version": "2.116.0",
      "resolved": "https://registry.npmjs.org/@supabase/realtime-js/-/realtime-js-2.116.0.tgz",
      "integrity": "sha512-MHAnlXxi2s6yiJsZsQMfs2B3RFxeVfQWxerqYhIMqcCQV/FuY3LIeouPEkXw/ah7wUWMLYwempF9MOCUScyddg==",
      "license": "MIT",
      "dependencies": {
        "@supabase/phoenix": "0.4.5",
        "tslib": "2.8.1"
      },
      "engines": {
        "node": ">=22.0.0"
      }
    },
    "node_modules/@supabase/storage-js": {
      "version": "2.116.0",
      "resolved": "https://registry.npmjs.org/@supabase/storage-js/-/storage-js-2.116.0.tgz",
      "integrity": "sha512-6/3hR6vccBP6oGM5B6RfbwZcTCKmQOodd/ZWQdsw8yJsU5zO/a//oBL6yLnmgxcjnHSrelW8rsO7hL5DPybyUQ==",
      "license": "MIT",
      "dependencies": {
        "iceberg-js": "^0.8.1",
        "tslib": "2.8.1"
      },
      "engines": {
        "node": ">=22.0.0"
      }
    },
    "node_modules/@supabase/supabase-js": {
      "version": "2.116.0",
      "resolved": "https://registry.npmjs.org/@supabase/supabase-js/-/supabase-js-2.116.0.tgz",
      "integrity": "sha512-YyWmKXt2NspV9iO8FPnlswUFJIRnrLd3oTCb+3ZyYRuKZtBH0xCUDgnUqoyA0fGUxpM/UhfwDjYf/dht/9bp7g==",
      "license": "MIT",
      "dependencies": {
        "@supabase/auth-js": "2.116.0",
        "@supabase/functions-js": "2.116.0",
        "@supabase/postgrest-js": "2.116.0",
        "@supabase/realtime-js": "2.116.0",
        "@supabase/storage-js": "2.116.0"
      },
      "engines": {
        "node": ">=22.0.0"
      },
      "peerDependencies": {
        "@opentelemetry/api": ">=1.0.0"
      },
      "peerDependenciesMeta": {
        "@opentelemetry/api": {
          "optional": true
        }
      }
    },
    "node_modules/debug": {
      "version": "4.4.0",
      "resolved": "https://registry.npmjs.org/debug/-/debug-4.4.0.tgz",
      "integrity": "sha512-6WTZ/IxCY/T6BALoZHaE4ctp9xm+Z5kY/pzYaCHRFeyVhojxlrm+46y68HA6hr0TcwEssoxNiDEUJQjfPZ/RYA==",
      "license": "MIT",
      "dependencies": {
        "ms": "^2.1.3"
      },
      "engines": {
        "node": ">=6.0"
      },
      "peerDependenciesMeta": {
        "supports-color": {
          "optional": true
        }
      }
    },
    "node_modules/dotenv": {
      "version": "16.6.1",
      "resolved": "https://registry.npmjs.org/dotenv/-/dotenv-16.6.1.tgz",
      "integrity": "sha512-uBq4egWHTcTt33a72vpSG0z3HnPuIl6NqYcTrKEg2azoEyl2hpW0zqlxysq2pK9HlDIHyHyakeYaYnSAwd8bow==",
      "license": "BSD-2-Clause",
      "engines": {
        "node": ">=12"
      },
      "funding": {
        "url": "https://dotenvx.com"
      }
    },
    "node_modules/iceberg-js": {
      "version": "0.8.1",
      "resolved": "https://registry.npmjs.org/iceberg-js/-/iceberg-js-0.8.1.tgz",
      "integrity": "sha512-1dhVQZXhcHje7798IVM+xoo/1ZdVfzOMIc8/rgVSijRK38EDqOJoGula9N/8ZI5RD8QTxNQtK/Gozpr+qUqRRA==",
      "license": "MIT",
      "engines": {
        "node": ">=20.0.0"
      }
    },
    "node_modules/iconv-lite": {
      "version": "0.7.3",
      "resolved": "https://registry.npmjs.org/iconv-lite/-/iconv-lite-0.7.3.tgz",
      "integrity": "sha512-IKXpvIzjnC9XTAUbVBcMfGS0EPaIXtW6v+zr+RRp+hqULEpo0owZax6wyRwPOJbWbzjYspQwusTsfVr0ifh4uQ==",
      "license": "MIT",
      "dependencies": {
        "safer-buffer": ">= 2.1.2 < 3.0.0"
      },
      "engines": {
        "node": ">=0.10.0"
      },
      "funding": {
        "type": "opencollective",
        "url": "https://opencollective.com/express"
      }
    },
    "node_modules/ms": {
      "version": "2.1.3",
      "resolved": "https://registry.npmjs.org/ms/-/ms-2.1.3.tgz",
      "integrity": "sha512-6FlzubTLZG3J2a/NVCAleEhjzq5oxgHyaCU9yYXvcLsvoVaHJq/s5xXI6/XXP6tz7R9xAOtHnSO/tXtF3WRTlA==",
      "license": "MIT"
    },
    "node_modules/safer-buffer": {
      "version": "2.1.2",
      "resolved": "https://registry.npmjs.org/safer-buffer/-/safer-buffer-2.1.2.tgz",
      "integrity": "sha512-YZo3K82SD7Riyi0E1EQPojLz7kpepnSQI9IyPbHHg1XXXevb5dJI7tpyN2ADxGcQbHG7vcyRHk0cbwqcQriUtg==",
      "license": "MIT"
    },
    "node_modules/tslib": {
      "version": "2.8.1",
      "resolved": "https://registry.npmjs.org/tslib/-/tslib-2.8.1.tgz",
      "integrity": "sha512-oJFu94HQb+KVduSUQL7wnpmqnfmLsOA/nAh6b6EH0wCEoK0/mPeXU6c3wKDV83MkOuHPRHtSXKKU99IBazS/2w==",
      "license": "0BSD"
    }
  }
}
